{
  "requires": true,
  "lockfileVersion": 1,
  "dependencies": {
    "angular": {
      "version": "1.7.8",
      "resolved": "https://registry.npmjs.org/angular/-/angular-1.7.8.tgz",
      "integrity": "sha512-wtef/y4COxM7ZVhddd7JtAAhyYObq9YXKar9tsW7558BImeVYteJiTxCKeJOL45lJ/+7B4wrAC49j8gTFYEthg=="
    },
    "uikit": {
      "version": "3.1.4",
      "resolved": "https://registry.npmjs.org/uikit/-/uikit-3.1.4.tgz",
      "integrity": "sha512-XGtlKlQXeNoQJi9wyff6DCkeX0P5/wdZw7LOenH7a5AOTRfUZDhTGX9uSCvRBroYBIKj6Eq2fe2efw2d1/rdHg=="
    }
  }
}
